
Microsoft Visual Studio Solution File, Format Version 12.00
# Visual Studio 15
VisualStudioVersion = 15.0.28307.168
MinimumVisualStudioVersion = 10.0.40219.1
Project("{FAE04EC0-301F-11D3-BF4B-00C04F79EFBC}") = "POSTWebApi", "POSTWebApi\POSTWebApi.csproj", "{05E3C2F5-A584-42A3-9937-0E60EBD1B418}"
EndProject
Project("{FAE04EC0-301F-11D3-BF4B-00C04F79EFBC}") = "POSTWebApi.Common", "POSTWebApi.Common\POSTWebApi.Common.csproj", "{E528437C-9A16-4DB6-928A-3127189C0F96}"
EndProject
Project("{FAE04EC0-301F-11D3-BF4B-00C04F79EFBC}") = "POSTWebApi.Testing", "POSTWebApi.Testing\POSTWebApi.Testing.csproj", "{D4128BB2-BA0B-417C-9AAB-16C69567F629}"
EndProject
Global
	GlobalSection(SolutionConfigurationPlatforms) = preSolution
		Debug|Any CPU = Debug|Any CPU
		Release|Any CPU = Release|Any CPU
	EndGlobalSection
	GlobalSection(ProjectConfigurationPlatforms) = postSolution
		{05E3C2F5-A584-42A3-9937-0E60EBD1B418}.Debug|Any CPU.ActiveCfg = Debug|Any CPU
		{05E3C2F5-A584-42A3-9937-0E60EBD1B418}.Debug|Any CPU.Build.0 = Debug|Any CPU
		{05E3C2F5-A584-42A3-9937-0E60EBD1B418}.Release|Any CPU.ActiveCfg = Release|Any CPU
		{05E3C2F5-A584-42A3-9937-0E60EBD1B418}.Release|Any CPU.Build.0 = Release|Any CPU
		{E528437C-9A16-4DB6-928A-3127189C0F96}.Debug|Any CPU.ActiveCfg = Debug|Any CPU
		{E528437C-9A16-4DB6-928A-3127189C0F96}.Debug|Any CPU.Build.0 = Debug|Any CPU
		{E528437C-9A16-4DB6-928A-3127189C0F96}.Release|Any CPU.ActiveCfg = Release|Any CPU
		{E528437C-9A16-4DB6-928A-3127189C0F96}.Release|Any CPU.Build.0 = Release|Any CPU
		{D4128BB2-BA0B-417C-9AAB-16C69567F629}.Debug|Any CPU.ActiveCfg = Debug|Any CPU
		{D4128BB2-BA0B-417C-9AAB-16C69567F629}.Debug|Any CPU.Build.0 = Debug|Any CPU
		{D4128BB2-BA0B-417C-9AAB-16C69567F629}.Release|Any CPU.ActiveCfg = Release|Any CPU
		{D4128BB2-BA0B-417C-9AAB-16C69567F629}.Release|Any CPU.Build.0 = Release|Any CPU
	EndGlobalSection
	GlobalSection(SolutionProperties) = preSolution
		HideSolutionNode = FALSE
	EndGlobalSection
	GlobalSection(ExtensibilityGlobals) = postSolution
		SolutionGuid = {D0FD4EFF-0EC3-4394-867A-93C109A233B9}
	EndGlobalSection
EndGlobal
